{
  "name": "@pyrolistical/webpack-sibling-deps-lib",
  "version": "0.0.0",
  "lockfileVersion": 2,
  "requires": true,
  "packages": {
    "": {
      "name": "@pyrolistical/webpack-sibling-deps-lib",
      "version": "0.0.0",
      "devDependencies": {
        "@pyrolistical/webpack-sibling-deps-sdk": "0.0.0",
        "typescript": "4.5.5"
      }
    },
    "../sdk": {
      "version": "0.0.0",
      "extraneous": true,
      "devDependencies": {
        "typescript": "4.5.5"
      }
    },
    "node_modules/@pyrolistical/webpack-sibling-deps-sdk": {
      "version": "0.0.0",
      "resolved": "https://npm.pkg.github.com/download/@pyrolistical/webpack-sibling-deps-sdk/0.0.0/ce0887bbd779202ca8e7d18d0a04a5069e7237ba55549a53b54b2312ca9e6bab",
      "integrity": "sha512-EntLoATBg8f1TP/W4d8gMrrnrt9AFKpIWZzDkdguWOlHz0r4UQGd+UX+XNCIoaeiERep/gmHgUG6PZDJi54GkQ==",
      "dev": true
    },
    "node_modules/typescript": {
      "version": "4.5.5",
      "resolved": "https://registry.npmjs.org/typescript/-/typescript-4.5.5.tgz",
      "integrity": "sha512-TCTIul70LyWe6IJWT8QSYeA54WQe8EjQFU4wY52Fasj5UKx88LNYKCgBEHcOMOrFF1rKGbD8v/xcNWVUq9SymA==",
      "dev": true,
      "bin": {
        "tsc": "bin/tsc",
        "tsserver": "bin/tsserver"
      },
      "engines": {
        "node": ">=4.2.0"
      }
    }
  },
  "dependencies": {
    "@pyrolistical/webpack-sibling-deps-sdk": {
      "version": "0.0.0",
      "resolved": "https://npm.pkg.github.com/download/@pyrolistical/webpack-sibling-deps-sdk/0.0.0/ce0887bbd779202ca8e7d18d0a04a5069e7237ba55549a53b54b2312ca9e6bab",
      "integrity": "sha512-EntLoATBg8f1TP/W4d8gMrrnrt9AFKpIWZzDkdguWOlHz0r4UQGd+UX+XNCIoaeiERep/gmHgUG6PZDJi54GkQ==",
      "dev": true
    },
    "typescript": {
      "version": "4.5.5",
      "resolved": "https://registry.npmjs.org/typescript/-/typescript-4.5.5.tgz",
      "integrity": "sha512-TCTIul70LyWe6IJWT8QSYeA54WQe8EjQFU4wY52Fasj5UKx88LNYKCgBEHcOMOrFF1rKGbD8v/xcNWVUq9SymA==",
      "dev": true
    }
  }
}
